// !$*UTF8*$!
{
	archiveVersion = 1;
	classes = {
	};
	objectVersion = 50;
	objects = {

/* Begin PBXBuildFile section */
		4CB36E3E230F798000F3685E /* AppDelegate.swift in Sources */ = {isa = PBXBuildFile; fileRef = 4CB36E3D230F798000F3685E /* AppDelegate.swift */; };
		4CB36E43230F798000F3685E /* Main.storyboard in Resources */ = {isa = PBXBuildFile; fileRef = 4CB36E41230F798000F3685E /* Main.storyboard */; };
		4CB36E45230F798000F3685E /* Assets.xcassets in Resources */ = {isa = PBXBuildFile; fileRef = 4CB36E44230F798000F3685E /* Assets.xcassets */; };
		4CB36E48230F798000F3685E /* LaunchScreen.storyboard in Resources */ = {isa = PBXBuildFile; fileRef = 4CB36E46230F798000F3685E /* LaunchScreen.storyboard */; };
		4CB36E53230F798000F3685E /* ExpensesTests.swift in Sources */ = {isa = PBXBuildFile; fileRef = 4CB36E52230F798000F3685E /* ExpensesTests.swift */; };
		4CB36E5E230F798000F3685E /* ExpensesUITests.swift in Sources */ = {isa = PBXBuildFile; fileRef = 4CB36E5D230F798000F3685E /* ExpensesUITests.swift */; };
		4CB36E6C230F7ABD00F3685E /* SingleViewViewController.swift in Sources */ = {isa = PBXBuildFile; fileRef = 4CB36E6B230F7ABD00F3685E /* SingleViewViewController.swift */; };
		4CB36E6E2310AA5D00F3685E /* ExpenseTableViewCell.swift in Sources */ = {isa = PBXBuildFile; fileRef = 4CB36E6D2310AA5D00F3685E /* ExpenseTableViewCell.swift */; };
/* End PBXBuildFile section */

/* Begin PBXContainerItemProxy section */
		4CB36E4F230F798000F3685E /* PBXContainerItemProxy */ = {
			isa = PBXContainerItemProxy;
			containerPortal = 4CB36E32230F798000F3685E /* Project object */;
			proxyType = 1;
			remoteGlobalIDString = 4CB36E39230F798000F3685E;
			remoteInfo = Expenses;
		};
		4CB36E5A230F798000F3685E /* PBXContainerItemProxy */ = {
			isa = PBXContainerItemProxy;
			containerPortal = 4CB36E32230F798000F3685E /* Project object */;
			proxyType = 1;
			remoteGlobalIDString = 4CB36E39230F798000F3685E;
			remoteInfo = Expenses;
		};
/* End PBXContainerItemProxy section */

/* Begin PBXFileReference section */
		4CB36E3A230F798000F3685E /* Expenses.app */ = {isa = PBXFileReference; explicitFileType = wrapper.application; includeInIndex = 0; path = Expenses.app; sourceTree = BUILT_PRODUCTS_DIR; };
		4CB36E3D230F798000F3685E /* AppDelegate.swift */ = {isa = PBXFileReference; lastKnownFileType = sourcecode.swift; path = AppDelegate.swift; sourceTree = "<group>"; };
		4CB36E42230F798000F3685E /* Base */ = {isa = PBXFileReference; lastKnownFileType = file.storyboard; name = Base; path = Base.lproj/Main.storyboard; sourceTree = "<group>"; };
		4CB36E44230F798000F3685E /* Assets.xcassets */ = {isa = PBXFileReference; lastKnownFileType = folder.assetcatalog; path = Assets.xcassets; sourceTree = "<group>"; };
		4CB36E47230F798000F3685E /* Base */ = {isa = PBXFileReference; lastKnownFileType = file.storyboard; name = Base; path = Base.lproj/LaunchScreen.storyboard; sourceTree = "<group>"; };
		4CB36E49230F798000F3685E /* Info.plist */ = {isa = PBXFileReference; lastKnownFileType = text.plist.xml; path = Info.plist; sourceTree = "<group>"; };
		4CB36E4E230F798000F3685E /* ExpensesTests.xctest */ = {isa = PBXFileReference; explicitFileType = wrapper.cfbundle; includeInIndex = 0; path = ExpensesTests.xctest; sourceTree = BUILT_PRODUCTS_DIR; };
		4CB36E52230F798000F3685E /* ExpensesTests.swift */ = {isa = PBXFileReference; lastKnownFileType = sourcecode.swift; path = ExpensesTests.swift; sourceTree = "<group>"; };
		4CB36E54230F798000F3685E /* Info.plist */ = {isa = PBXFileReference; lastKnownFileType = text.plist.xml; path = Info.plist; sourceTree = "<group>"; };
		4CB36E59230F798000F3685E /* ExpensesUITests.xctest */ = {isa = PBXFileReference; explicitFileType = wrapper.cfbundle; includeInIndex = 0; path = ExpensesUITests.xctest; sourceTree = BUILT_PRODUCTS_DIR; };
		4CB36E5D230F798000F3685E /* ExpensesUITests.swift */ = {isa = PBXFileReference; lastKnownFileType = sourcecode.swift; path = ExpensesUITests.swift; sourceTree = "<group>"; };
		4CB36E5F230F798000F3685E /* Info.plist */ = {isa = PBXFileReference; lastKnownFileType = text.plist.xml; path = Info.plist; sourceTree = "<group>"; };
		4CB36E6B230F7ABD00F3685E /* SingleViewViewController.swift */ = {isa = PBXFileReference; lastKnownFileType = sourcecode.swift; path = SingleViewViewController.swift; sourceTree = "<group>"; };
		4CB36E6D2310AA5D00F3685E /* ExpenseTableViewCell.swift */ = {isa = PBXFileReference; lastKnownFileType = sourcecode.swift; path = ExpenseTableViewCell.swift; sourceTree = "<group>"; };
/* End PBXFileReference section */

/* Begin PBXFrameworksBuildPhase section */
		4CB36E37230F798000F3685E /* Frameworks */ = {
			isa = PBXFrameworksBuildPhase;
			buildActionMask = 2147483647;
			files = (
			);
			runOnlyForDeploymentPostprocessing = 0;
		};
		4CB36E4B230F798000F3685E /* Frameworks */ = {
			isa = PBXFrameworksBuildPhase;
			buildActionMask = 2147483647;
			files = (
			);
			runOnlyForDeploymentPostprocessing = 0;
		};
		4CB36E56230F798000F3685E /* Frameworks */ = {
			isa = PBXFrameworksBuildPhase;
			buildActionMask = 2147483647;
			files = (
			);
			runOnlyForDeploymentPostprocessing = 0;
		};
/* End PBXFrameworksBuildPhase section */

/* Begin PBXGroup section */
		4CB36E31230F797F00F3685E = {
			isa = PBXGroup;
			children = (
				4CB36E3C230F798000F3685E /* Expenses */,
				4CB36E51230F798000F3685E /* ExpensesTests */,
				4CB36E5C230F798000F3685E /* ExpensesUITests */,
				4CB36E3B230F798000F3685E /* Products */,
			);
			sourceTree = "<group>";
		};
		4CB36E3B230F798000F3685E /* Products */ = {
			isa = PBXGroup;
			children = (
				4CB36E3A230F798000F3685E /* Expenses.app */,
				4CB36E4E230F798000F3685E /* ExpensesTests.xctest */,
				4CB36E59230F798000F3685E /* ExpensesUITests.xctest */,
			);
			name = Products;
			sourceTree = "<group>";
		};
		4CB36E3C230F798000F3685E /* Expenses */ = {
			isa = PBXGroup;
			children = (
				4CB36E3D230F798000F3685E /* AppDelegate.swift */,
				4CB36E6B230F7ABD00F3685E /* SingleViewViewController.swift */,
				4CB36E41230F798000F3685E /* Main.storyboard */,
				4CB36E6D2310AA5D00F3685E /* ExpenseTableViewCell.swift */,
				4CB36E44230F798000F3685E /* Assets.xcassets */,
				4CB36E46230F798000F3685E /* LaunchScreen.storyboard */,
				4CB36E49230F798000F3685E /* Info.plist */,
			);
			path = Expenses;
			sourceTree = "<group>";
		};
		4CB36E51230F798000F3685E /* ExpensesTests */ = {
			isa = PBXGroup;
			children = (
				4CB36E52230F798000F3685E /* ExpensesTests.swift */,
				4CB36E54230F798000F3685E /* Info.plist */,
			);
			path = ExpensesTests;
			sourceTree = "<group>";
		};
		4CB36E5C230F798000F3685E /* ExpensesUITests */ = {
			isa = PBXGroup;
			children = (
				4CB36E5D230F798000F3685E /* ExpensesUITests.swift */,
				4CB36E5F230F798000F3685E /* Info.plist */,
			);
			path = ExpensesUITests;
			sourceTree = "<group>";
		};
/* End PBXGroup section */

/* Begin PBXNativeTarget section */
		4CB36E39230F798000F3685E /* Expenses */ = {
			isa = PBXNativeTarget;
			buildConfigurationList = 4CB36E62230F798000F3685E /* Build configuration list for PBXNativeTarget "Expenses" */;
			buildPhases = (
				4CB36E36230F798000F3685E /* Sources */,
				4CB36E37230F798000F3685E /* Frameworks */,
				4CB36E38230F798000F3685E /* Resources */,
			);
			buildRules = (
			);
			dependencies = (
			);
			name = Expenses;
			productName = Expenses;
			productReference = 4CB36E3A230F798000F3685E /* Expenses.app */;
			productType = "com.apple.product-type.application";
		};
		4CB36E4D230F798000F3685E /* ExpensesTests */ = {
			isa = PBXNativeTarget;
			buildConfigurationList = 4CB36E65230F798000F3685E /* Build configuration list for PBXNativeTarget "ExpensesTests" */;
			buildPhases = (
				4CB36E4A230F798000F3685E /* Sources */,
				4CB36E4B230F798000F3685E /* Frameworks */,
				4CB36E4C230F798000F3685E /* Resources */,
			);
			buildRules = (
			);
			dependencies = (
				4CB36E50230F798000F3685E /* PBXTargetDependency */,
			);
			name = ExpensesTests;
			productName = ExpensesTests;
			productReference = 4CB36E4E230F798000F3685E /* ExpensesTests.xctest */;
			productType = "com.apple.product-type.bundle.unit-test";
		};
		4CB36E58230F798000F3685E /* ExpensesUITests */ = {
			isa = PBXNativeTarget;
			buildConfigurationList = 4CB36E68230F798000F3685E /* Build configuration list for PBXNativeTarget "ExpensesUITests" */;
			buildPhases = (
				4CB36E55230F798000F3685E /* Sources */,
				4CB36E56230F798000F3685E /* Frameworks */,
				4CB36E57230F798000F3685E /* Resources */,
			);
			buildRules = (
			);
			dependencies = (
				4CB36E5B230F798000F3685E /* PBXTargetDependency */,
			);
			name = ExpensesUITests;
			productName = ExpensesUITests;
			productReference = 4CB36E59230F798000F3685E /* ExpensesUITests.xctest */;
			productType = "com.apple.product-type.bundle.ui-testing";
		};
/* End PBXNativeTarget section */

/* Begin PBXProject section */
		4CB36E32230F798000F3685E /* Project object */ = {
			isa = PBXProject;
			attributes = {
				LastSwiftUpdateCheck = 1030;
				LastUpgradeCheck = 1030;
				ORGANIZATIONNAME = "Brian Robinson";
				TargetAttributes = {
					4CB36E39230F798000F3685E = {
						CreatedOnToolsVersion = 10.3;
					};
					4CB36E4D230F798000F3685E = {
						CreatedOnToolsVersion = 10.3;
						TestTargetID = 4CB36E39230F798000F3685E;
					};
					4CB36E58230F798000F3685E = {
						CreatedOnToolsVersion = 10.3;
						TestTargetID = 4CB36E39230F798000F3685E;
					};
				};
			};
			buildConfigurationList = 4CB36E35230F798000F3685E /* Build configuration list for PBXProject "Expenses" */;
			compatibilityVersion = "Xcode 9.3";
			developmentRegion = en;
			hasScannedForEncodings = 0;
			knownRegions = (
				en,
				Base,
			);
			mainGroup = 4CB36E31230F797F00F3685E;
			productRefGroup = 4CB36E3B230F798000F3685E /* Products */;
			projectDirPath = "";
			projectRoot = "";
			targets = (
				4CB36E39230F798000F3685E /* Expenses */,
				4CB36E4D230F798000F3685E /* ExpensesTests */,
				4CB36E58230F798000F3685E /* ExpensesUITests */,
			);
		};
/* End PBXProject section */

/* Begin PBXResourcesBuildPhase section */
		4CB36E38230F798000F3685E /* Resources */ = {
			isa = PBXResourcesBuildPhase;
			buildActionMask = 2147483647;
			files = (
				4CB36E48230F798000F3685E /* LaunchScreen.storyboard in Resources */,
				4CB36E45230F798000F3685E /* Assets.xcassets in Resources */,
				4CB36E43230F798000F3685E /* Main.storyboard in Resources */,
			);
			runOnlyForDeploymentPostprocessing = 0;
		};
		4CB36E4C230F798000F3685E /* Resources */ = {
			isa = PBXResourcesBuildPhase;
			buildActionMask = 2147483647;
			files = (
			);
			runOnlyForDeploymentPostprocessing = 0;
		};
		4CB36E57230F798000F3685E /* Resources */ = {
			isa = PBXResourcesBuildPhase;
			buildActionMask = 2147483647;
			files = (
			);
			runOnlyForDeploymentPostprocessing = 0;
		};
/* End PBXResourcesBuildPhase section */

/* Begin PBXSourcesBuildPhase section */
		4CB36E36230F798000F3685E /* Sources */ = {
			isa = PBXSourcesBuildPhase;
			buildActionMask = 2147483647;
			files = (
				4CB36E3E230F798000F3685E /* AppDelegate.swift in Sources */,
				4CB36E6C230F7ABD00F3685E /* SingleViewViewController.swift in Sources */,
				4CB36E6E2310AA5D00F3685E /* ExpenseTableViewCell.swift in Sources */,
			);
			runOnlyForDeploymentPostprocessing = 0;
		};
		4CB36E4A230F798000F3685E /* Sources */ = {
			isa = PBXSourcesBuildPhase;
			buildActionMask = 2147483647;
			files = (
				4CB36E53230F798000F3685E /* ExpensesTests.swift in Sources */,
			);
			runOnlyForDeploymentPostprocessing = 0;
		};
		4CB36E55230F798000F3685E /* Sources */ = {
			isa = PBXSourcesBuildPhase;
			buildActionMask = 2147483647;
			files = (
				4CB36E5E230F798000F3685E /* ExpensesUITests.swift in Sources */,
			);
			runOnlyForDeploymentPostprocessing = 0;
		};
/* End PBXSourcesBuildPhase section */

/* Begin PBXTargetDependency section */
		4CB36E50230F798000F3685E /* PBXTargetDependency */ = {
			isa = PBXTargetDependency;
			target = 4CB36E39230F798000F3685E /* Expenses */;
			targetProxy = 4CB36E4F230F798000F3685E /* PBXContainerItemProxy */;
		};
		4CB36E5B230F798000F3685E /* PBXTargetDependency */ = {
			isa = PBXTargetDependency;
			target = 4CB36E39230F798000F3685E /* Expenses */;
			targetProxy = 4CB36E5A230F798000F3685E /* PBXContainerItemProxy */;
		};
/* End PBXTargetDependency section */

/* Begin PBXVariantGroup section */
		4CB36E41230F798000F3685E /* Main.storyboard */ = {
			isa = PBXVariantGroup;
			children = (
				4CB36E42230F798000F3685E /* Base */,
			);
			name = Main.storyboard;
			sourceTree = "<group>";
		};
		4CB36E46230F798000F3685E /* LaunchScreen.storyboard */ = {
			isa = PBXVariantGroup;
			children = (
				4CB36E47230F798000F3685E /* Base */,
			);
			name = LaunchScreen.storyboard;
			sourceTree = "<group>";
		};
/* End PBXVariantGroup section */

/* Begin XCBuildConfiguration section */
		4CB36E60230F798000F3685E /* Debug */ = {
			isa = XCBuildConfiguration;
			buildSettings = {
				ALWAYS_SEARCH_USER_PATHS = NO;
				CLANG_ANALYZER_NONNULL = YES;
				CLANG_ANALYZER_NUMBER_OBJECT_CONVERSION = YES_AGGRESSIVE;
				CLANG_CXX_LANGUAGE_STANDARD = "gnu++14";
				CLANG_CXX_LIBRARY = "libc++";
				CLANG_ENABLE_MODULES = YES;
				CLANG_ENABLE_OBJC_ARC = YES;
				CLANG_ENABLE_OBJC_WEAK = YES;
				CLANG_WARN_BLOCK_CAPTURE_AUTORELEASING = YES;
				CLANG_WARN_BOOL_CONVERSION = YES;
				CLANG_WARN_COMMA = YES;
				CLANG_WARN_CONSTANT_CONVERSION = YES;
				CLANG_WARN_DEPRECATED_OBJC_IMPLEMENTATIONS = YES;
				CLANG_WARN_DIRECT_OBJC_ISA_USAGE = YES_ERROR;
				CLANG_WARN_DOCUMENTATION_COMMENTS = YES;
				CLANG_WARN_EMPTY_BODY = YES;
				CLANG_WARN_ENUM_CONVERSION = YES;
				CLANG_WARN_INFINITE_RECURSION = YES;
				CLANG_WARN_INT_CONVERSION = YES;
				CLANG_WARN_NON_LITERAL_NULL_CONVERSION = YES;
				CLANG_WARN_OBJC_IMPLICIT_RETAIN_SELF = YES;
				CLANG_WARN_OBJC_LITERAL_CONVERSION = YES;
				CLANG_WARN_OBJC_ROOT_CLASS = YES_ERROR;
				CLANG_WARN_RANGE_LOOP_ANALYSIS = YES;
				CLANG_WARN_STRICT_PROTOTYPES = YES;
				CLANG_WARN_SUSPICIOUS_MOVE = YES;
				CLANG_WARN_UNGUARDED_AVAILABILITY = YES_AGGRESSIVE;
				CLANG_WARN_UNREACHABLE_CODE = YES;
				CLANG_WARN__DUPLICATE_METHOD_MATCH = YES;
				CODE_SIGN_IDENTITY = "iPhone Developer";
				COPY_PHASE_STRIP = NO;
				DEBUG_INFORMATION_FORMAT = dwarf;
				ENABLE_STRICT_OBJC_MSGSEND = YES;
				ENABLE_TESTABILITY = YES;
				GCC_C_LANGUAGE_STANDARD = gnu11;
				GCC_DYNAMIC_NO_PIC = NO;
				GCC_NO_COMMON_BLOCKS = YES;
				GCC_OPTIMIZATION_LEVEL = 0;
				GCC_PREPROCESSOR_DEFINITIONS = (
					"DEBUG=1",
					"$(inherited)",
				);
				GCC_WARN_64_TO_32_BIT_CONVERSION = YES;
				GCC_WARN_ABOUT_RETURN_TYPE = YES_ERROR;
				GCC_WARN_UNDECLARED_SELECTOR = YES;
				GCC_WARN_UNINITIALIZED_AUTOS = YES_AGGRESSIVE;
				GCC_WARN_UNUSED_FUNCTION = YES;
				GCC_WARN_UNUSED_VARIABLE = YES;
				IPHONEOS_DEPLOYMENT_TARGET = 12.4;
				MTL_ENABLE_DEBUG_INFO = INCLUDE_SOURCE;
				MTL_FAST_MATH = YES;
				ONLY_ACTIVE_ARCH = YES;
				SDKROOT = iphoneos;
				SWIFT_ACTIVE_COMPILATION_CONDITIONS = DEBUG;
				SWIFT_OPTIMIZATION_LEVEL = "-Onone";
			};
			name = Debug;
		};
		4CB36E61230F798000F3685E /* Release */ = {
			isa = XCBuildConfiguration;
			buildSettings = {
				ALWAYS_SEARCH_USER_PATHS = NO;
				CLANG_ANALYZER_NONNULL = YES;
				CLANG_ANALYZER_NUMBER_OBJECT_CONVERSION = YES_AGGRESSIVE;
				CLANG_CXX_LANGUAGE_STANDARD = "gnu++14";
				CLANG_CXX_LIBRARY = "libc++";
				CLANG_ENABLE_MODULES = YES;
				CLANG_ENABLE_OBJC_ARC = YES;
				CLANG_ENABLE_OBJC_WEAK = YES;
				CLANG_WARN_BLOCK_CAPTURE_AUTORELEASING = YES;
				CLANG_WARN_BOOL_CONVERSION = YES;
				CLANG_WARN_COMMA = YES;
				CLANG_WARN_CONSTANT_CONVERSION = YES;
				CLANG_WARN_DEPRECATED_OBJC_IMPLEMENTATIONS = YES;
				CLANG_WARN_DIRECT_OBJC_ISA_USAGE = YES_ERROR;
				CLANG_WARN_DOCUMENTATION_COMMENTS = YES;
				CLANG_WARN_EMPTY_BODY = YES;
				CLANG_WARN_ENUM_CONVERSION = YES;
				CLANG_WARN_INFINITE_RECURSION = YES;
				CLANG_WARN_INT_CONVERSION = YES;
				CLANG_WARN_NON_LITERAL_NULL_CONVERSION = YES;
				CLANG_WARN_OBJC_IMPLICIT_RETAIN_SELF = YES;
				CLANG_WARN_OBJC_LITERAL_CONVERSION = YES;
				CLANG_WARN_OBJC_ROOT_CLASS = YES_ERROR;
				CLANG_WARN_RANGE_LOOP_ANALYSIS = YES;
				CLANG_WARN_STRICT_PROTOTYPES = YES;
				CLANG_WARN_SUSPICIOUS_MOVE = YES;
				CLANG_WARN_UNGUARDED_AVAILABILITY = YES_AGGRESSIVE;
				CLANG_WARN_UNREACHABLE_CODE = YES;
				CLANG_WARN__DUPLICATE_METHOD_MATCH = YES;
				CODE_SIGN_IDENTITY = "iPhone Developer";
				COPY_PHASE_STRIP = NO;
				DEBUG_INFORMATION_FORMAT = "dwarf-with-dsym";
				ENABLE_NS_ASSERTIONS = NO;
				ENABLE_STRICT_OBJC_MSGSEND = YES;
				GCC_C_LANGUAGE_STANDARD = gnu11;
				GCC_NO_COMMON_BLOCKS = YES;
				GCC_WARN_64_TO_32_BIT_CONVERSION = YES;
				GCC_WARN_ABOUT_RETURN_TYPE = YES_ERROR;
				GCC_WARN_UNDECLARED_SELECTOR = YES;
				GCC_WARN_UNINITIALIZED_AUTOS = YES_AGGRESSIVE;
				GCC_WARN_UNUSED_FUNCTION = YES;
				GCC_WARN_UNUSED_VARIABLE = YES;
				IPHONEOS_DEPLOYMENT_TARGET = 12.4;
				MTL_ENABLE_DEBUG_INFO = NO;
				MTL_FAST_MATH = YES;
				SDKROOT = iphoneos;
				SWIFT_COMPILATION_MODE = wholemodule;
				SWIFT_OPTIMIZATION_LEVEL = "-O";
				VALIDATE_PRODUCT = YES;
			};
			name = Release;
		};
		4CB36E63230F798000F3685E /* Debug */ = {
			isa = XCBuildConfiguration;
			buildSettings = {
				ASSETCATALOG_COMPILER_APPICON_NAME = AppIcon;
				CODE_SIGN_STYLE = Automatic;
				DEVELOPMENT_TEAM = QE4V2DLSE5;
				INFOPLIST_FILE = Expenses/Info.plist;
				LD_RUNPATH_SEARCH_PATHS = (
					"$(inherited)",
					"@executable_path/Frameworks",
				);
				PRODUCT_BUNDLE_IDENTIFIER = "Brian-Robinson.Expenses";
				PRODUCT_NAME = "$(TARGET_NAME)";
				SWIFT_VERSION = 5.0;
				TARGETED_DEVICE_FAMILY = "1,2";
			};
			name = Debug;
		};
		4CB36E64230F798000F3685E /* Release */ = {
			isa = XCBuildConfiguration;
			buildSettings = {
				ASSETCATALOG_COMPILER_APPICON_NAME = AppIcon;
				CODE_SIGN_STYLE = Automatic;
				DEVELOPMENT_TEAM = QE4V2DLSE5;
				INFOPLIST_FILE = Expenses/Info.plist;
				LD_RUNPATH_SEARCH_PATHS = (
					"$(inherited)",
					"@executable_path/Frameworks",
				);
				PRODUCT_BUNDLE_IDENTIFIER = "Brian-Robinson.Expenses";
				PRODUCT_NAME = "$(TARGET_NAME)";
				SWIFT_VERSION = 5.0;
				TARGETED_DEVICE_FAMILY = "1,2";
			};
			name = Release;
		};
		4CB36E66230F798000F3685E /* Debug */ = {
			isa = XCBuildConfiguration;
			buildSettings = {
				ALWAYS_EMBED_SWIFT_STANDARD_LIBRARIES = YES;
				BUNDLE_LOADER = "$(TEST_HOST)";
				CODE_SIGN_STYLE = Automatic;
				DEVELOPMENT_TEAM = QE4V2DLSE5;
				INFOPLIST_FILE = ExpensesTests/Info.plist;
				LD_RUNPATH_SEARCH_PATHS = (
					"$(inherited)",
					"@executable_path/Frameworks",
					"@loader_path/Frameworks",
				);
				PRODUCT_BUNDLE_IDENTIFIER = "Brian-Robinson.ExpensesTests";
				PRODUCT_NAME = "$(TARGET_NAME)";
				SWIFT_VERSION = 5.0;
				TARGETED_DEVICE_FAMILY = "1,2";
				TEST_HOST = "$(BUILT_PRODUCTS_DIR)/Expenses.app/Expenses";
			};
			name = Debug;
		};
		4CB36E67230F798000F3685E /* Release */ = {
			isa = XCBuildConfiguration;
			buildSettings = {
				ALWAYS_EMBED_SWIFT_STANDARD_LIBRARIES = YES;
				BUNDLE_LOADER = "$(TEST_HOST)";
				CODE_SIGN_STYLE = Automatic;
				DEVELOPMENT_TEAM = QE4V2DLSE5;
				INFOPLIST_FILE = ExpensesTests/Info.plist;
				LD_RUNPATH_SEARCH_PATHS = (
					"$(inherited)",
					"@executable_path/Frameworks",
					"@loader_path/Frameworks",
				);
				PRODUCT_BUNDLE_IDENTIFIER = "Brian-Robinson.ExpensesTests";
				PRODUCT_NAME = "$(TARGET_NAME)";
				SWIFT_VERSION = 5.0;
				TARGETED_DEVICE_FAMILY = "1,2";
				TEST_HOST = "$(BUILT_PRODUCTS_DIR)/Expenses.app/Expenses";
			};
			name = Release;
		};
		4CB36E69230F798000F3685E /* Debug */ = {
			isa = XCBuildConfiguration;
			buildSettings = {
				ALWAYS_EMBED_SWIFT_STANDARD_LIBRARIES = YES;
				CODE_SIGN_STYLE = Automatic;
				DEVELOPMENT_TEAM = QE4V2DLSE5;
				INFOPLIST_FILE = ExpensesUITests/Info.plist;
				LD_RUNPATH_SEARCH_PATHS = (
					"$(inherited)",
					"@executable_path/Frameworks",
					"@loader_path/Frameworks",
				);
				PRODUCT_BUNDLE_IDENTIFIER = "Brian-Robinson.ExpensesUITests";
				PRODUCT_NAME = "$(TARGET_NAME)";
				SWIFT_VERSION = 5.0;
				TARGETED_DEVICE_FAMILY = "1,2";
				TEST_TARGET_NAME = Expenses;
			};
			name = Debug;
		};
		4CB36E6A230F798000F3685E /* Release */ = {
			isa = XCBuildConfiguration;
			buildSettings = {
				ALWAYS_EMBED_SWIFT_STANDARD_LIBRARIES = YES;
				CODE_SIGN_STYLE = Automatic;
				DEVELOPMENT_TEAM = QE4V2DLSE5;
				INFOPLIST_FILE = ExpensesUITests/Info.plist;
				LD_RUNPATH_SEARCH_PATHS = (
					"$(inherited)",
					"@executable_path/Frameworks",
					"@loader_path/Frameworks",
				);
				PRODUCT_BUNDLE_IDENTIFIER = "Brian-Robinson.ExpensesUITests";
				PRODUCT_NAME = "$(TARGET_NAME)";
				SWIFT_VERSION = 5.0;
				TARGETED_DEVICE_FAMILY = "1,2";
				TEST_TARGET_NAME = Expenses;
			};
			name = Release;
		};
/* End XCBuildConfiguration section */

/* Begin XCConfigurationList section */
		4CB36E35230F798000F3685E /* Build configuration list for PBXProject "Expenses" */ = {
			isa = XCConfigurationList;
			buildConfigurations = (
				4CB36E60230F798000F3685E /* Debug */,
				4CB36E61230F798000F3685E /* Release */,
			);
			defaultConfigurationIsVisible = 0;
			defaultConfigurationName = Release;
		};
		4CB36E62230F798000F3685E /* Build configuration list for PBXNativeTarget "Expenses" */ = {
			isa = XCConfigurationList;
			buildConfigurations = (
				4CB36E63230F798000F3685E /* Debug */,
				4CB36E64230F798000F3685E /* Release */,
			);
			defaultConfigurationIsVisible = 0;
			defaultConfigurationName = Release;
		};
		4CB36E65230F798000F3685E /* Build configuration list for PBXNativeTarget "ExpensesTests" */ = {
			isa = XCConfigurationList;
			buildConfigurations = (
				4CB36E66230F798000F3685E /* Debug */,
				4CB36E67230F798000F3685E /* Release */,
			);
			defaultConfigurationIsVisible = 0;
			defaultConfigurationName = Release;
		};
		4CB36E68230F798000F3685E /* Build configuration list for PBXNativeTarget "ExpensesUITests" */ = {
			isa = XCConfigurationList;
			buildConfigurations = (
				4CB36E69230F798000F3685E /* Debug */,
				4CB36E6A230F798000F3685E /* Release */,
			);
			defaultConfigurationIsVisible = 0;
			defaultConfigurationName = Release;
		};
/* End XCConfigurationList section */
	};
	rootObject = 4CB36E32230F798000F3685E /* Project object */;
}
